{
  "nodes": {
    "doomemacs": {
      "flake": false,
      "locked": {
        "lastModified": 1721603541,
        "narHash": "sha256-nCh17m+vtMr5x/n0ZR59VxoGJNbcPk/9YCeHFF0h5qc=",
        "owner": "doomemacs",
        "repo": "doomemacs",
        "rev": "f5b3958331cebf66383bf22bdc8b61cd44eca645",
        "type": "github"
      },
      "original": {
        "owner": "doomemacs",
        "repo": "doomemacs",
        "type": "github"
      }
    },
    "dracula-sublime": {
      "flake": false,
      "locked": {
        "lastModified": 1693403648,
        "narHash": "sha256-8mCovVSrBjtFi5q+XQdqAaqOt3Q+Fo29eIDwECOViro=",
        "owner": "dracula",
        "repo": "sublime",
        "rev": "456d3289827964a6cb503a3b0a6448f4326f291b",
        "type": "github"
      },
      "original": {
        "owner": "dracula",
        "repo": "sublime",
        "type": "github"
      }
    },
    "emacs-overlay": {
      "inputs": {
        "flake-utils": "flake-utils",
        "nixpkgs": ["nixpkgs-unstable"],
        "nixpkgs-stable": ["nixpkgs"]
      },
      "locked": {
        "lastModified": 1721698997,
        "narHash": "sha256-r4O1YRu23CudbakeyrH0R0skMabU9hbqklSR0a0XvWc=",
        "owner": "nix-community",
        "repo": "emacs-overlay",
        "rev": "b3c3f03e594177220148b3e2f9aef9228cc04321",
        "type": "github"
      },
      "original": {
        "owner": "nix-community",
        "repo": "emacs-overlay",
        "type": "github"
      }
    },
    "flake-compat": {
      "flake": false,
      "locked": {
        "lastModified": 1696426674,
        "narHash": "sha256-kvjfFW7WAETZlt09AgDn1MrtKzP7t90Vf7vypd3OL1U=",
        "owner": "edolstra",
        "repo": "flake-compat",
        "rev": "0f9255e01c2351cc7d116c072cb317785dd33b33",
        "type": "github"
      },
      "original": {
        "owner": "edolstra",
        "repo": "flake-compat",
        "type": "github"
      }
    },
    "flake-utils": {
      "inputs": {
        "systems": "systems"
      },
      "locked": {
        "lastModified": 1710146030,
        "narHash": "sha256-SZ5L6eA7HJ/nmkzGG7/ISclqe6oZdOZTNoesiInkXPQ=",
        "owner": "numtide",
        "repo": "flake-utils",
        "rev": "b1d9ab70662946ef0850d488da1c9019f3a9752a",
        "type": "github"
      },
      "original": {
        "owner": "numtide",
        "repo": "flake-utils",
        "type": "github"
      }
    },
    "fzf-tab": {
      "flake": false,
      "locked": {
        "lastModified": 1718171563,
        "narHash": "sha256-o8hgnTl84nI7jMVfA5jEcDXkMFFlnxKbRva+l/Fx4jI=",
        "owner": "Aloxaf",
        "repo": "fzf-tab",
        "rev": "14e16f0d36ae9938e28b2f6efdb7344cd527a1a6",
        "type": "github"
      },
      "original": {
        "owner": "Aloxaf",
        "repo": "fzf-tab",
        "type": "github"
      }
    },
    "git-hooks": {
      "inputs": {
        "flake-compat": "flake-compat",
        "gitignore": "gitignore",
        "nixpkgs": ["nixpkgs"],
        "nixpkgs-stable": "nixpkgs-stable"
      },
      "locked": {
        "lastModified": 1722857853,
        "narHash": "sha256-3Zx53oz/MSIyevuWO/SumxABkrIvojnB7g9cimxkhiE=",
        "owner": "cachix",
        "repo": "git-hooks.nix",
        "rev": "06939f6b7ec4d4f465bf3132a05367cccbbf64da",
        "type": "github"
      },
      "original": {
        "owner": "cachix",
        "repo": "git-hooks.nix",
        "type": "github"
      }
    },
    "gitignore": {
      "inputs": {
        "nixpkgs": ["git-hooks", "nixpkgs"]
      },
      "locked": {
        "lastModified": 1709087332,
        "narHash": "sha256-HG2cCnktfHsKV0s4XW83gU3F57gaTljL9KNSuG6bnQs=",
        "owner": "hercules-ci",
        "repo": "gitignore.nix",
        "rev": "637db329424fd7e46cf4185293b9cc8c88c95394",
        "type": "github"
      },
      "original": {
        "owner": "hercules-ci",
        "repo": "gitignore.nix",
        "type": "github"
      }
    },
    "home-manager": {
      "inputs": {
        "nixpkgs": ["nixpkgs"]
      },
      "locked": {
        "lastModified": 1720042825,
        "narHash": "sha256-A0vrUB6x82/jvf17qPCpxaM+ulJnD8YZwH9Ci0BsAzE=",
        "owner": "nix-community",
        "repo": "home-manager",
        "rev": "e1391fb22e18a36f57e6999c7a9f966dc80ac073",
        "type": "github"
      },
      "original": {
        "owner": "nix-community",
        "ref": "release-24.05",
        "repo": "home-manager",
        "type": "github"
      }
    },
    "kickstart": {
      "flake": false,
      "locked": {
        "lastModified": 1721667635,
        "narHash": "sha256-RBoHoyC+WCXr8OfaBd5l5UjETU5crwXpCg1L5nUHwoc=",
        "owner": "nvim-lua",
        "repo": "kickstart.nvim",
        "rev": "56b9114bf29cdc0c0f5de78b5deae1fe0ab65db1",
        "type": "github"
      },
      "original": {
        "owner": "nvim-lua",
        "repo": "kickstart.nvim",
        "type": "github"
      }
    },
    "local-vars": {
      "locked": {
        "lastModified": 1724995365,
        "narHash": "sha256-JzQ5KxqTqefnTKpofzDBLSpYAIlYc0QUUKabxd7gEZQ=",
        "path": "~/.config/nix-local-vars",
        "type": "path"
      },
      "original": {
        "id": "nix-local-vars",
        "type": "indirect"
      }
    },
    "nix-darwin": {
      "inputs": {
        "nixpkgs": ["nixpkgs-darwin"]
      },
      "locked": {
        "lastModified": 1721655289,
        "narHash": "sha256-eJQQwXOKWjom9gtb7HvHd3+Wj5Sp+WrYR44r0EnaO5w=",
        "owner": "lnl7",
        "repo": "nix-darwin",
        "rev": "2ae24bcafdb88fdf70b061cc8b18d070dbd9013a",
        "type": "github"
      },
      "original": {
        "owner": "lnl7",
        "repo": "nix-darwin",
        "type": "github"
      }
    },
    "nixos-hardware": {
      "locked": {
        "lastModified": 1721413321,
        "narHash": "sha256-0GdiQScDceUrVGbxYpV819LHesK3szHOhJ09e6sgES4=",
        "owner": "NixOS",
        "repo": "nixos-hardware",
        "rev": "ab165a8a6cd12781d76fe9cbccb9e975d0fb634f",
        "type": "github"
      },
      "original": {
        "owner": "NixOS",
        "ref": "master",
        "repo": "nixos-hardware",
        "type": "github"
      }
    },
    "nixpkgs": {
      "locked": {
        "lastModified": 1721548954,
        "narHash": "sha256-7cCC8+Tdq1+3OPyc3+gVo9dzUNkNIQfwSDJ2HSi2u3o=",
        "owner": "nixos",
        "repo": "nixpkgs",
        "rev": "63d37ccd2d178d54e7fb691d7ec76000740ea24a",
        "type": "github"
      },
      "original": {
        "owner": "nixos",
        "ref": "nixos-24.05",
        "repo": "nixpkgs",
        "type": "github"
      }
    },
    "nixpkgs-darwin": {
      "locked": {
        "lastModified": 1721662280,
        "narHash": "sha256-veJoWy9VCxWaBeLYUD0BqTu2fqMvDg98TxSFau7ewaA=",
        "owner": "nixos",
        "repo": "nixpkgs",
        "rev": "ea73e7ae9dea53d112cb08fb78f4e00d1f686c54",
        "type": "github"
      },
      "original": {
        "owner": "nixos",
        "ref": "nixpkgs-24.05-darwin",
        "repo": "nixpkgs",
        "type": "github"
      }
    },
    "nixpkgs-stable": {
      "locked": {
        "lastModified": 1720386169,
        "narHash": "sha256-NGKVY4PjzwAa4upkGtAMz1npHGoRzWotlSnVlqI40mo=",
        "owner": "NixOS",
        "repo": "nixpkgs",
        "rev": "194846768975b7ad2c4988bdb82572c00222c0d7",
        "type": "github"
      },
      "original": {
        "owner": "NixOS",
        "ref": "nixos-24.05",
        "repo": "nixpkgs",
        "type": "github"
      }
    },
    "nixpkgs-unstable": {
      "locked": {
        "lastModified": 1721660125,
        "narHash": "sha256-q2t9tTFk0KrcnfU879WZ4cZJD1OONOq8tZXZXPo6llI=",
        "owner": "nixos",
        "repo": "nixpkgs",
        "rev": "09f65ccafc83ce77148375672be19e6746e45db8",
        "type": "github"
      },
      "original": {
        "owner": "nixos",
        "ref": "nixos-unstable-small",
        "repo": "nixpkgs",
        "type": "github"
      }
    },
    "root": {
      "inputs": {
        "doomemacs": "doomemacs",
        "dracula-sublime": "dracula-sublime",
        "emacs-overlay": "emacs-overlay",
        "fzf-tab": "fzf-tab",
        "git-hooks": "git-hooks",
        "home-manager": "home-manager",
        "kickstart": "kickstart",
        "local-vars": "local-vars",
        "nix-darwin": "nix-darwin",
        "nixos-hardware": "nixos-hardware",
        "nixpkgs": "nixpkgs",
        "nixpkgs-darwin": "nixpkgs-darwin",
        "nixpkgs-unstable": "nixpkgs-unstable",
        "zsh-vi-mode": "zsh-vi-mode"
      }
    },
    "systems": {
      "locked": {
        "lastModified": 1681028828,
        "narHash": "sha256-Vy1rq5AaRuLzOxct8nz4T6wlgyUR7zLU309k9mBC768=",
        "owner": "nix-systems",
        "repo": "default",
        "rev": "da67096a3b9bf56a91d16901293e51ba5b49a27e",
        "type": "github"
      },
      "original": {
        "owner": "nix-systems",
        "repo": "default",
        "type": "github"
      }
    },
    "zsh-vi-mode": {
      "flake": false,
      "locked": {
        "lastModified": 1719915553,
        "narHash": "sha256-UQo9shimLaLp68U3EcsjcxokJHOTGhOjDw4XDx6ggF4=",
        "owner": "jeffreytse",
        "repo": "zsh-vi-mode",
        "rev": "cd730cd347dcc0d8ce1697f67714a90f07da26ed",
        "type": "github"
      },
      "original": {
        "owner": "jeffreytse",
        "repo": "zsh-vi-mode",
        "type": "github"
      }
    }
  },
  "root": "root",
  "version": 7
}
