{
  "nodes": {
    "doomemacs": {
      "flake": false,
      "locked": {
        "lastModified": 1748866766,
        "narHash": "sha256-9rJK4lkXMnDVB+sU8//KbrvDTn5xs2V87o7NLusV42I=",
        "owner": "doomemacs",
        "repo": "doomemacs",
        "rev": "aa6f3903d57e033bc869f34e7ceb43740826dfda",
        "type": "github"
      },
      "original": {
        "owner": "doomemacs",
        "repo": "doomemacs",
        "type": "github"
      }
    },
    "dracula-sublime": {
      "flake": false,
      "locked": {
        "lastModified": 1693403648,
        "narHash": "sha256-8mCovVSrBjtFi5q+XQdqAaqOt3Q+Fo29eIDwECOViro=",
        "owner": "dracula",
        "repo": "sublime",
        "rev": "456d3289827964a6cb503a3b0a6448f4326f291b",
        "type": "github"
      },
      "original": {
        "owner": "dracula",
        "repo": "sublime",
        "type": "github"
      }
    },
    "emacs-overlay": {
      "inputs": {
        "nixpkgs": [
          "nixpkgs-unstable"
        ],
        "nixpkgs-stable": [
          "nixpkgs"
        ]
      },
      "locked": {
        "lastModified": 1748856098,
        "narHash": "sha256-LN2JdkDtpnGN99Q6zyJ0mg5xaw9+P4MU7av/Zqt1sSc=",
        "owner": "nix-community",
        "repo": "emacs-overlay",
        "rev": "778e55eaced8cc64c5a364d565e46aab9958d464",
        "type": "github"
      },
      "original": {
        "owner": "nix-community",
        "repo": "emacs-overlay",
        "type": "github"
      }
    },
    "flake-compat": {
      "flake": false,
      "locked": {
        "lastModified": 1696426674,
        "narHash": "sha256-kvjfFW7WAETZlt09AgDn1MrtKzP7t90Vf7vypd3OL1U=",
        "owner": "edolstra",
        "repo": "flake-compat",
        "rev": "0f9255e01c2351cc7d116c072cb317785dd33b33",
        "type": "github"
      },
      "original": {
        "owner": "edolstra",
        "repo": "flake-compat",
        "type": "github"
      }
    },
    "fzf-tab": {
      "flake": false,
      "locked": {
        "lastModified": 1744166198,
        "narHash": "sha256-zc9Sc1WQIbJ132hw73oiS1ExvxCRHagi6vMkCLd4ZhI=",
        "owner": "Aloxaf",
        "repo": "fzf-tab",
        "rev": "2abe1f2f1cbcb3d3c6b879d849d683de5688111f",
        "type": "github"
      },
      "original": {
        "owner": "Aloxaf",
        "repo": "fzf-tab",
        "type": "github"
      }
    },
    "git-hooks": {
      "inputs": {
        "flake-compat": "flake-compat",
        "gitignore": "gitignore",
        "nixpkgs": [
          "nixpkgs"
        ]
      },
      "locked": {
        "lastModified": 1747372754,
        "narHash": "sha256-2Y53NGIX2vxfie1rOW0Qb86vjRZ7ngizoo+bnXU9D9k=",
        "owner": "cachix",
        "repo": "git-hooks.nix",
        "rev": "80479b6ec16fefd9c1db3ea13aeb038c60530f46",
        "type": "github"
      },
      "original": {
        "owner": "cachix",
        "repo": "git-hooks.nix",
        "type": "github"
      }
    },
    "github-keys": {
      "flake": false,
      "locked": {
        "narHash": "sha256-vAtNiEjn1HPP4ezufdzQiKsp/yxUvlM7tNFqdT4oqdo=",
        "type": "file",
        "url": "https://github.com/Lubricy.keys"
      },
      "original": {
        "type": "file",
        "url": "https://github.com/Lubricy.keys"
      }
    },
    "gitignore": {
      "inputs": {
        "nixpkgs": [
          "git-hooks",
          "nixpkgs"
        ]
      },
      "locked": {
        "lastModified": 1709087332,
        "narHash": "sha256-HG2cCnktfHsKV0s4XW83gU3F57gaTljL9KNSuG6bnQs=",
        "owner": "hercules-ci",
        "repo": "gitignore.nix",
        "rev": "637db329424fd7e46cf4185293b9cc8c88c95394",
        "type": "github"
      },
      "original": {
        "owner": "hercules-ci",
        "repo": "gitignore.nix",
        "type": "github"
      }
    },
    "home-manager": {
      "inputs": {
        "nixpkgs": [
          "nixpkgs"
        ]
      },
      "locked": {
        "lastModified": 1748665073,
        "narHash": "sha256-RMhjnPKWtCoIIHiuR9QKD7xfsKb3agxzMfJY8V9MOew=",
        "owner": "nix-community",
        "repo": "home-manager",
        "rev": "282e1e029cb6ab4811114fc85110613d72771dea",
        "type": "github"
      },
      "original": {
        "owner": "nix-community",
        "ref": "release-25.05",
        "repo": "home-manager",
        "type": "github"
      }
    },
    "kickstart": {
      "flake": false,
      "locked": {
        "lastModified": 1747948204,
        "narHash": "sha256-R59087fZQVRxyD47T0TPwjbq3s+N+aJAcT7S5AZhQz8=",
        "owner": "nvim-lua",
        "repo": "kickstart.nvim",
        "rev": "3338d3920620861f8313a2745fd5d2be39f39534",
        "type": "github"
      },
      "original": {
        "owner": "nvim-lua",
        "repo": "kickstart.nvim",
        "type": "github"
      }
    },
    "nix-darwin": {
      "inputs": {
        "nixpkgs": [
          "nixpkgs-darwin"
        ]
      },
      "locked": {
        "lastModified": 1748352827,
        "narHash": "sha256-sNUUP6qxGkK9hXgJ+p362dtWLgnIWwOCmiq72LAWtYo=",
        "owner": "lnl7",
        "repo": "nix-darwin",
        "rev": "44a7d0e687a87b73facfe94fba78d323a6686a90",
        "type": "github"
      },
      "original": {
        "owner": "lnl7",
        "repo": "nix-darwin",
        "type": "github"
      }
    },
    "nix-index-database": {
      "inputs": {
        "nixpkgs": [
          "nixpkgs"
        ]
      },
      "locked": {
        "lastModified": 1748751003,
        "narHash": "sha256-i4GZdKAK97S0ZMU3w4fqgEJr0cVywzqjugt2qZPrScs=",
        "owner": "nix-community",
        "repo": "nix-index-database",
        "rev": "2860bee699248d828c2ed9097a1cd82c2f991b43",
        "type": "github"
      },
      "original": {
        "owner": "nix-community",
        "repo": "nix-index-database",
        "type": "github"
      }
    },
    "nixlib": {
      "locked": {
        "lastModified": 1736643958,
        "narHash": "sha256-tmpqTSWVRJVhpvfSN9KXBvKEXplrwKnSZNAoNPf/S/s=",
        "owner": "nix-community",
        "repo": "nixpkgs.lib",
        "rev": "1418bc28a52126761c02dd3d89b2d8ca0f521181",
        "type": "github"
      },
      "original": {
        "owner": "nix-community",
        "repo": "nixpkgs.lib",
        "type": "github"
      }
    },
    "nixos-generators": {
      "inputs": {
        "nixlib": "nixlib",
        "nixpkgs": [
          "nixpkgs"
        ]
      },
      "locked": {
        "lastModified": 1747663185,
        "narHash": "sha256-Obh50J+O9jhUM/FgXtI3he/QRNiV9+J53+l+RlKSaAk=",
        "owner": "nix-community",
        "repo": "nixos-generators",
        "rev": "ee07ba0d36c38e9915c55d2ac5a8fb0f05f2afcc",
        "type": "github"
      },
      "original": {
        "owner": "nix-community",
        "repo": "nixos-generators",
        "type": "github"
      }
    },
    "nixos-hardware": {
      "locked": {
        "lastModified": 1748634340,
        "narHash": "sha256-pZH4bqbOd8S+si6UcfjHovWDiWKiIGRNRMpmRWaDIms=",
        "owner": "NixOS",
        "repo": "nixos-hardware",
        "rev": "daa628a725ab4948e0e2b795e8fb6f4c3e289a7a",
        "type": "github"
      },
      "original": {
        "owner": "NixOS",
        "ref": "master",
        "repo": "nixos-hardware",
        "type": "github"
      }
    },
    "nixpkgs": {
      "locked": {
        "lastModified": 1748708770,
        "narHash": "sha256-q8jG2HJWgooWa9H0iatZqBPF3bp0504e05MevFmnFLY=",
        "owner": "nixos",
        "repo": "nixpkgs",
        "rev": "a59eb7800787c926045d51b70982ae285faa2346",
        "type": "github"
      },
      "original": {
        "owner": "nixos",
        "ref": "nixos-25.05",
        "repo": "nixpkgs",
        "type": "github"
      }
    },
    "nixpkgs-darwin": {
      "locked": {
        "lastModified": 1748603838,
        "narHash": "sha256-bW0ZaGOErMm7/Tfs+zhmBEURH0OVVT02dHITSDXEPjY=",
        "owner": "nixos",
        "repo": "nixpkgs",
        "rev": "ad06b96e3bf30030a8b1901e3140fda7a31b53ac",
        "type": "github"
      },
      "original": {
        "owner": "nixos",
        "ref": "nixpkgs-24.11-darwin",
        "repo": "nixpkgs",
        "type": "github"
      }
    },
    "nixpkgs-unstable": {
      "locked": {
        "lastModified": 1748856973,
        "narHash": "sha256-RlTsJUvvr8ErjPBsiwrGbbHYW8XbB/oek0Gi78XdWKg=",
        "owner": "nixos",
        "repo": "nixpkgs",
        "rev": "e4b09e47ace7d87de083786b404bf232eb6c89d8",
        "type": "github"
      },
      "original": {
        "owner": "nixos",
        "ref": "nixos-unstable-small",
        "repo": "nixpkgs",
        "type": "github"
      }
    },
    "root": {
      "inputs": {
        "doomemacs": "doomemacs",
        "dracula-sublime": "dracula-sublime",
        "emacs-overlay": "emacs-overlay",
        "fzf-tab": "fzf-tab",
        "git-hooks": "git-hooks",
        "github-keys": "github-keys",
        "home-manager": "home-manager",
        "kickstart": "kickstart",
        "nix-darwin": "nix-darwin",
        "nix-index-database": "nix-index-database",
        "nixos-generators": "nixos-generators",
        "nixos-hardware": "nixos-hardware",
        "nixpkgs": "nixpkgs",
        "nixpkgs-darwin": "nixpkgs-darwin",
        "nixpkgs-unstable": "nixpkgs-unstable",
        "zsh-vi-mode": "zsh-vi-mode"
      }
    },
    "zsh-vi-mode": {
      "flake": false,
      "locked": {
        "lastModified": 1745287036,
        "narHash": "sha256-CkU0qd0ba9QsPaI3rYCgalbRR5kWYWIa0Kn7L07aNUI=",
        "owner": "jeffreytse",
        "repo": "zsh-vi-mode",
        "rev": "f82c4c8f4b2bdd9c914653d8f21fbb32e7f2ea6c",
        "type": "github"
      },
      "original": {
        "owner": "jeffreytse",
        "repo": "zsh-vi-mode",
        "type": "github"
      }
    }
  },
  "root": "root",
  "version": 7
}
